
Microsoft Visual Studio Solution File, Format Version 12.00
# Visual Studio Version 17
VisualStudioVersion = 17.8.34309.116
MinimumVisualStudioVersion = 10.0.40219.1
Project("{9A19103F-16F7-4668-BE54-9A1E7A4F7556}") = "nombre_magique", "nombre_magique\nombre_magique.csproj", "{3CBA367F-DFBA-4F66-890C-A54F1A2D626B}"
EndProject
Project("{FAE04EC0-301F-11D3-BF4B-00C04F79EFBC}") = "jeu_de_maths", "jeu_de_maths\jeu_de_maths.csproj", "{6006778C-AC85-4142-8663-6FF060F260E7}"
EndProject
Global
	GlobalSection(SolutionConfigurationPlatforms) = preSolution
		Debug|Any CPU = Debug|Any CPU
		Release|Any CPU = Release|Any CPU
	EndGlobalSection
	GlobalSection(ProjectConfigurationPlatforms) = postSolution
		{3CBA367F-DFBA-4F66-890C-A54F1A2D626B}.Debug|Any CPU.ActiveCfg = Debug|Any CPU
		{3CBA367F-DFBA-4F66-890C-A54F1A2D626B}.Debug|Any CPU.Build.0 = Debug|Any CPU
		{3CBA367F-DFBA-4F66-890C-A54F1A2D626B}.Release|Any CPU.ActiveCfg = Release|Any CPU
		{3CBA367F-DFBA-4F66-890C-A54F1A2D626B}.Release|Any CPU.Build.0 = Release|Any CPU
		{6006778C-AC85-4142-8663-6FF060F260E7}.Debug|Any CPU.ActiveCfg = Debug|Any CPU
		{6006778C-AC85-4142-8663-6FF060F260E7}.Debug|Any CPU.Build.0 = Debug|Any CPU
		{6006778C-AC85-4142-8663-6FF060F260E7}.Release|Any CPU.ActiveCfg = Release|Any CPU
		{6006778C-AC85-4142-8663-6FF060F260E7}.Release|Any CPU.Build.0 = Release|Any CPU
	EndGlobalSection
	GlobalSection(SolutionProperties) = preSolution
		HideSolutionNode = FALSE
	EndGlobalSection
	GlobalSection(ExtensibilityGlobals) = postSolution
		SolutionGuid = {6A373141-D97D-4623-8D4A-3CFC90353440}
	EndGlobalSection
EndGlobal
