
Microsoft Visual Studio Solution File, Format Version 12.00
# Visual Studio Version 17
VisualStudioVersion = 17.8.34309.116
MinimumVisualStudioVersion = 10.0.40219.1
Project("{FAE04EC0-301F-11D3-BF4B-00C04F79EFBC}") = "Hangman_game", "Hangman_game\Hangman_game.csproj", "{29E5A029-3374-4DE4-BE1B-BADB59C00E37}"
EndProject
Global
	GlobalSection(SolutionConfigurationPlatforms) = preSolution
		Debug|Any CPU = Debug|Any CPU
		Release|Any CPU = Release|Any CPU
	EndGlobalSection
	GlobalSection(ProjectConfigurationPlatforms) = postSolution
		{29E5A029-3374-4DE4-BE1B-BADB59C00E37}.Debug|Any CPU.ActiveCfg = Debug|Any CPU
		{29E5A029-3374-4DE4-BE1B-BADB59C00E37}.Debug|Any CPU.Build.0 = Debug|Any CPU
		{29E5A029-3374-4DE4-BE1B-BADB59C00E37}.Release|Any CPU.ActiveCfg = Release|Any CPU
		{29E5A029-3374-4DE4-BE1B-BADB59C00E37}.Release|Any CPU.Build.0 = Release|Any CPU
	EndGlobalSection
	GlobalSection(SolutionProperties) = preSolution
		HideSolutionNode = FALSE
	EndGlobalSection
	GlobalSection(ExtensibilityGlobals) = postSolution
		SolutionGuid = {AAA9DF5D-5265-4B86-9576-04CD0EEC895F}
	EndGlobalSection
EndGlobal
